{
  "name": "@ordin/agent-control-room-public-reference",
  "version": "0.1.1",
  "lockfileVersion": 3,
  "requires": true,
  "packages": {
    "": {
      "name": "@ordin/agent-control-room-public-reference",
      "version": "0.1.1",
      "license": "UNLICENSED",
      "engines": {
        "node": "^20.19.0 || >=22.12.0"
      }
    }
  }
}
